
Microsoft Visual Studio Solution File, Format Version 12.00
# Visual Studio Version 17
VisualStudioVersion = 17.13.35818.85 d17.13
MinimumVisualStudioVersion = 10.0.40219.1
Project("{FAE04EC0-301F-11D3-BF4B-00C04F79EFBC}") = "ParticipantManager", "ParticipantManager\ParticipantManager.csproj", "{C321AF63-BDCF-4D46-BCD6-1740FC1E1425}"
EndProject
Global
	GlobalSection(SolutionConfigurationPlatforms) = preSolution
		Debug|Any CPU = Debug|Any CPU
		Release|Any CPU = Release|Any CPU
	EndGlobalSection
	GlobalSection(ProjectConfigurationPlatforms) = postSolution
		{C321AF63-BDCF-4D46-BCD6-1740FC1E1425}.Debug|Any CPU.ActiveCfg = Debug|Any CPU
		{C321AF63-BDCF-4D46-BCD6-1740FC1E1425}.Debug|Any CPU.Build.0 = Debug|Any CPU
		{C321AF63-BDCF-4D46-BCD6-1740FC1E1425}.Release|Any CPU.ActiveCfg = Release|Any CPU
		{C321AF63-BDCF-4D46-BCD6-1740FC1E1425}.Release|Any CPU.Build.0 = Release|Any CPU
	EndGlobalSection
	GlobalSection(SolutionProperties) = preSolution
		HideSolutionNode = FALSE
	EndGlobalSection
	GlobalSection(ExtensibilityGlobals) = postSolution
		SolutionGuid = {48ECEF0C-BAFC-4DAD-B686-2F0D231C25B5}
	EndGlobalSection
EndGlobal
